
Microsoft Visual Studio Solution File, Format Version 12.00
# Visual Studio Version 17
VisualStudioVersion = 17.5.002.0
MinimumVisualStudioVersion = 10.0.40219.1
Project("{9A19103F-16F7-4668-BE54-9A1E7A4F7556}") = "Stopwatch", "Stopwatch.csproj", "{F04F36EC-B5E6-46FF-B49A-7F7BC815B502}"
EndProject
Global
	GlobalSection(SolutionConfigurationPlatforms) = preSolution
		Debug|Any CPU = Debug|Any CPU
		Release|Any CPU = Release|Any CPU
	EndGlobalSection
	GlobalSection(ProjectConfigurationPlatforms) = postSolution
		{F04F36EC-B5E6-46FF-B49A-7F7BC815B502}.Debug|Any CPU.ActiveCfg = Debug|Any CPU
		{F04F36EC-B5E6-46FF-B49A-7F7BC815B502}.Debug|Any CPU.Build.0 = Debug|Any CPU
		{F04F36EC-B5E6-46FF-B49A-7F7BC815B502}.Release|Any CPU.ActiveCfg = Release|Any CPU
		{F04F36EC-B5E6-46FF-B49A-7F7BC815B502}.Release|Any CPU.Build.0 = Release|Any CPU
	EndGlobalSection
	GlobalSection(SolutionProperties) = preSolution
		HideSolutionNode = FALSE
	EndGlobalSection
	GlobalSection(ExtensibilityGlobals) = postSolution
		SolutionGuid = {4603CD65-BE02-437E-A7EE-25C263269C94}
	EndGlobalSection
EndGlobal
